
Microsoft Visual Studio Solution File, Format Version 12.00
# Visual Studio Version 17
VisualStudioVersion = 17.0.31903.59
MinimumVisualStudioVersion = 10.0.40219.1
Project("{FAE04EC0-301F-11D3-BF4B-00C04F79EFBC}") = "SnowBuddies.Domain", "src\SnowBuddies.Domain\SnowBuddies.Domain.csproj", "{DEC2DDA0-3025-460C-B1C8-0D96E360214B}"
EndProject
Project("{FAE04EC0-301F-11D3-BF4B-00C04F79EFBC}") = "SnowBuddies.Infrastructure", "src\SnowBuddies.Infrastructure\SnowBuddies.Infrastructure.csproj", "{9626AAC5-4F67-4249-AA9D-79B0364A48F0}"
EndProject
Project("{FAE04EC0-301F-11D3-BF4B-00C04F79EFBC}") = "SnowBuddies.Application", "src\SnowBuddies.Application\SnowBuddies.Application.csproj", "{23A2791A-38A4-4D85-B538-71319AD8B51E}"
EndProject
Project("{FAE04EC0-301F-11D3-BF4B-00C04F79EFBC}") = "SnowBuddies.Api", "src\SnowBuddies.Api\SnowBuddies.Api.csproj", "{1849298B-3A8E-45E1-9447-0C2AFCDC6C19}"
EndProject
Global
	GlobalSection(SolutionConfigurationPlatforms) = preSolution
		Debug|Any CPU = Debug|Any CPU
		Release|Any CPU = Release|Any CPU
	EndGlobalSection
	GlobalSection(SolutionProperties) = preSolution
		HideSolutionNode = FALSE
	EndGlobalSection
	GlobalSection(ProjectConfigurationPlatforms) = postSolution
		{DEC2DDA0-3025-460C-B1C8-0D96E360214B}.Debug|Any CPU.ActiveCfg = Debug|Any CPU
		{DEC2DDA0-3025-460C-B1C8-0D96E360214B}.Debug|Any CPU.Build.0 = Debug|Any CPU
		{DEC2DDA0-3025-460C-B1C8-0D96E360214B}.Release|Any CPU.ActiveCfg = Release|Any CPU
		{DEC2DDA0-3025-460C-B1C8-0D96E360214B}.Release|Any CPU.Build.0 = Release|Any CPU
		{9626AAC5-4F67-4249-AA9D-79B0364A48F0}.Debug|Any CPU.ActiveCfg = Debug|Any CPU
		{9626AAC5-4F67-4249-AA9D-79B0364A48F0}.Debug|Any CPU.Build.0 = Debug|Any CPU
		{9626AAC5-4F67-4249-AA9D-79B0364A48F0}.Release|Any CPU.ActiveCfg = Release|Any CPU
		{9626AAC5-4F67-4249-AA9D-79B0364A48F0}.Release|Any CPU.Build.0 = Release|Any CPU
		{23A2791A-38A4-4D85-B538-71319AD8B51E}.Debug|Any CPU.ActiveCfg = Debug|Any CPU
		{23A2791A-38A4-4D85-B538-71319AD8B51E}.Debug|Any CPU.Build.0 = Debug|Any CPU
		{23A2791A-38A4-4D85-B538-71319AD8B51E}.Release|Any CPU.ActiveCfg = Release|Any CPU
		{23A2791A-38A4-4D85-B538-71319AD8B51E}.Release|Any CPU.Build.0 = Release|Any CPU
		{1849298B-3A8E-45E1-9447-0C2AFCDC6C19}.Debug|Any CPU.ActiveCfg = Debug|Any CPU
		{1849298B-3A8E-45E1-9447-0C2AFCDC6C19}.Debug|Any CPU.Build.0 = Debug|Any CPU
		{1849298B-3A8E-45E1-9447-0C2AFCDC6C19}.Release|Any CPU.ActiveCfg = Release|Any CPU
		{1849298B-3A8E-45E1-9447-0C2AFCDC6C19}.Release|Any CPU.Build.0 = Release|Any CPU
	EndGlobalSection
EndGlobal
